
Microsoft Visual Studio Solution File, Format Version 12.00
# Visual Studio Version 17
VisualStudioVersion = 17.0.31903.59
MinimumVisualStudioVersion = 10.0.40219.1
Project("{9A19103F-16F7-4668-BE54-9A1E7A4F7556}") = "Cli.Toolkit", "Generator\Cli.Toolkit.csproj", "{5385F439-B2C8-46D5-AB85-569139F5113F}"
EndProject
Project("{9A19103F-16F7-4668-BE54-9A1E7A4F7556}") = "SourceGeneratorInCSharp", "SourceGeneratorInCSharp\SourceGeneratorInCSharp.csproj", "{80CD6AA7-FC1C-4476-AE33-FEC23110E607}"
EndProject
Global
	GlobalSection(SolutionConfigurationPlatforms) = preSolution
		Debug|Any CPU = Debug|Any CPU
		Release|Any CPU = Release|Any CPU
	EndGlobalSection
	GlobalSection(ProjectConfigurationPlatforms) = postSolution
		{5385F439-B2C8-46D5-AB85-569139F5113F}.Debug|Any CPU.ActiveCfg = Debug|Any CPU
		{5385F439-B2C8-46D5-AB85-569139F5113F}.Debug|Any CPU.Build.0 = Debug|Any CPU
		{5385F439-B2C8-46D5-AB85-569139F5113F}.Release|Any CPU.ActiveCfg = Release|Any CPU
		{5385F439-B2C8-46D5-AB85-569139F5113F}.Release|Any CPU.Build.0 = Release|Any CPU
		{80CD6AA7-FC1C-4476-AE33-FEC23110E607}.Debug|Any CPU.ActiveCfg = Debug|Any CPU
		{80CD6AA7-FC1C-4476-AE33-FEC23110E607}.Debug|Any CPU.Build.0 = Debug|Any CPU
		{80CD6AA7-FC1C-4476-AE33-FEC23110E607}.Release|Any CPU.ActiveCfg = Release|Any CPU
		{80CD6AA7-FC1C-4476-AE33-FEC23110E607}.Release|Any CPU.Build.0 = Release|Any CPU
	EndGlobalSection
	GlobalSection(SolutionProperties) = preSolution
		HideSolutionNode = FALSE
	EndGlobalSection
	GlobalSection(ExtensibilityGlobals) = postSolution
		SolutionGuid = {BE3E6EDF-5735-437F-8F8E-88B8D58E2B33}
	EndGlobalSection
EndGlobal
